
Microsoft Visual Studio Solution File, Format Version 12.00
# Visual Studio 2017
Project("{FAE04EC0-301F-11D3-BF4B-00C04F79EFBC}") = "unity_repo_demo-master", "unity_repo_demo-master.csproj", "{AFC7FD46-C440-2EF1-1D5A-927F80F23370}"
EndProject
Global
	GlobalSection(SolutionConfigurationPlatforms) = preSolution
		Debug|Any CPU = Debug|Any CPU
		Release|Any CPU = Release|Any CPU
	EndGlobalSection
	GlobalSection(ProjectConfigurationPlatforms) = postSolution
		{AFC7FD46-C440-2EF1-1D5A-927F80F23370}.Debug|Any CPU.ActiveCfg = Debug|Any CPU
		{AFC7FD46-C440-2EF1-1D5A-927F80F23370}.Debug|Any CPU.Build.0 = Debug|Any CPU
		{AFC7FD46-C440-2EF1-1D5A-927F80F23370}.Release|Any CPU.ActiveCfg = Release|Any CPU
		{AFC7FD46-C440-2EF1-1D5A-927F80F23370}.Release|Any CPU.Build.0 = Release|Any CPU
	EndGlobalSection
	GlobalSection(SolutionProperties) = preSolution
		HideSolutionNode = FALSE
	EndGlobalSection
EndGlobal
